
Microsoft Visual Studio Solution File, Format Version 12.00
# Visual Studio Version 17
VisualStudioVersion = 17.4.33205.214
MinimumVisualStudioVersion = 10.0.40219.1
Project("{FAE04EC0-301F-11D3-BF4B-00C04F79EFBC}") = "HC Pharma", "HC Pharma\HC Pharma.csproj", "{61B7C2FE-DD7D-4D1A-B5F5-C78BC0692190}"
EndProject
Global
	GlobalSection(SolutionConfigurationPlatforms) = preSolution
		Debug|Any CPU = Debug|Any CPU
		Release|Any CPU = Release|Any CPU
	EndGlobalSection
	GlobalSection(ProjectConfigurationPlatforms) = postSolution
		{61B7C2FE-DD7D-4D1A-B5F5-C78BC0692190}.Debug|Any CPU.ActiveCfg = Debug|Any CPU
		{61B7C2FE-DD7D-4D1A-B5F5-C78BC0692190}.Debug|Any CPU.Build.0 = Debug|Any CPU
		{61B7C2FE-DD7D-4D1A-B5F5-C78BC0692190}.Release|Any CPU.ActiveCfg = Release|Any CPU
		{61B7C2FE-DD7D-4D1A-B5F5-C78BC0692190}.Release|Any CPU.Build.0 = Release|Any CPU
	EndGlobalSection
	GlobalSection(SolutionProperties) = preSolution
		HideSolutionNode = FALSE
	EndGlobalSection
	GlobalSection(ExtensibilityGlobals) = postSolution
		SolutionGuid = {87AA8327-7B51-43E0-9885-4E6C17544EDB}
	EndGlobalSection
EndGlobal
